// !$*UTF8*$!
{
	archiveVersion = 1;
	classes = {
	};
	objectVersion = 77;
	objects = {

/* Begin PBXBuildFile section */
		0C4B1071B012D55BBC7965EF /* PlaceholderTests.swift in Sources */ = {isa = PBXBuildFile; fileRef = BFF464DD9F9284408E72D25E /* PlaceholderTests.swift */; };
		314FEE888F15FA343A06FB4B /* ModifierKeyDetectorTests.swift in Sources */ = {isa = PBXBuildFile; fileRef = 16972F96DB79329166DCC6A6 /* ModifierKeyDetectorTests.swift */; };
		358F7A184EC93F8CE87208D7 /* MenuBarView.swift in Sources */ = {isa = PBXBuildFile; fileRef = E02DC57569DE0BE833A870AC /* MenuBarView.swift */; };
		47BCBF8A959C9BC70690778B /* CleaningOverlayView.swift in Sources */ = {isa = PBXBuildFile; fileRef = 06363CB09EABB2DD031E3C64 /* CleaningOverlayView.swift */; };
		4CAF6AFC404C3B61FA0AC8A8 /* CleaningModeManagerTests.swift in Sources */ = {isa = PBXBuildFile; fileRef = 2A935D8AF7BC70AA546771B6 /* CleaningModeManagerTests.swift */; };
		50EB67C2A96211CA80DB7A7B /* CleaningModeManager.swift in Sources */ = {isa = PBXBuildFile; fileRef = 2CB2473C238FA38A1FACC45F /* CleaningModeManager.swift */; };
		5E4542A0C785B9C0869367B9 /* AppLanguage.swift in Sources */ = {isa = PBXBuildFile; fileRef = F9DF00376898B694731D4D3F /* AppLanguage.swift */; };
		63D8FB381F081E7A9C857739 /* MacScrubApp.swift in Sources */ = {isa = PBXBuildFile; fileRef = 5F956047E15CE97B460172F4 /* MacScrubApp.swift */; };
		7030B47403BB2303BDE11BE4 /* ModifierKeyFlags.swift in Sources */ = {isa = PBXBuildFile; fileRef = C6188A21B395267675250126 /* ModifierKeyFlags.swift */; };
		709712F4F104E92FE67A9B2A /* PermissionGuideView.swift in Sources */ = {isa = PBXBuildFile; fileRef = 93C508CA08B474D60F7CB535 /* PermissionGuideView.swift */; };
		795CDCC88A36B3C01CD66B66 /* PermissionGuideViewTests.swift in Sources */ = {isa = PBXBuildFile; fileRef = A630271F7DE98BDCB46AD554 /* PermissionGuideViewTests.swift */; };
		7AF487CA24EA54EDF2C2B4B0 /* SettingsStore.swift in Sources */ = {isa = PBXBuildFile; fileRef = 9B7ED64766B41AB522C0621F /* SettingsStore.swift */; };
		7D166A20CF51998E7E9FB739 /* LidMonitor.swift in Sources */ = {isa = PBXBuildFile; fileRef = 412BA5D647677C183B12D361 /* LidMonitor.swift */; };
		A43BAED88058FB4DA1B912F3 /* MainWindowView.swift in Sources */ = {isa = PBXBuildFile; fileRef = D5E3C1FB2F3CBAEE836493E9 /* MainWindowView.swift */; };
		B8F0537B42C234051F7C2141 /* EventBlocker.swift in Sources */ = {isa = PBXBuildFile; fileRef = 02241268A15457C57EF0BA08 /* EventBlocker.swift */; };
		C5456A44FE771ED50CB80BAE /* EventBlockerProtocol.swift in Sources */ = {isa = PBXBuildFile; fileRef = 7E22A72ED5DAABA6E6950698 /* EventBlockerProtocol.swift */; };
		CC232D8EBEBEB886371416AA /* ModifierKeyDetector.swift in Sources */ = {isa = PBXBuildFile; fileRef = 5C2D878D263D6BB132FBBD34 /* ModifierKeyDetector.swift */; };
		E0E95B009780BCE9D6D4BE0D /* OverlayWindowControllerTests.swift in Sources */ = {isa = PBXBuildFile; fileRef = E2EC5E92370DBA82AE000535 /* OverlayWindowControllerTests.swift */; };
		EE07637915819FD860B5AFC2 /* Assets.xcassets in Resources */ = {isa = PBXBuildFile; fileRef = 486D1F048B081ACB26A43DCB /* Assets.xcassets */; };
		EE3A6FC9DDC3AC386F8F0DF0 /* ModifierKeySquare.swift in Sources */ = {isa = PBXBuildFile; fileRef = 6AF1C8F12D759AD4E52A83A7 /* ModifierKeySquare.swift */; };
		F091DD8DD734D7207BA14D4C /* SettingsStoreTests.swift in Sources */ = {isa = PBXBuildFile; fileRef = 7401E1F6E8E9E9BB239D4C6F /* SettingsStoreTests.swift */; };
		F13745B120A12CA147052861 /* Localizable.xcstrings in Resources */ = {isa = PBXBuildFile; fileRef = 6C36DFEA5DA216C1B8B1DD7C /* Localizable.xcstrings */; };
/* End PBXBuildFile section */

/* Begin PBXContainerItemProxy section */
		034066C6BE06FD8213566D63 /* PBXContainerItemProxy */ = {
			isa = PBXContainerItemProxy;
			containerPortal = 5F5E61C94FD930A57C15FA81 /* Project object */;
			proxyType = 1;
			remoteGlobalIDString = DC849C0835F3612968154A7D;
			remoteInfo = MacScrub;
		};
/* End PBXContainerItemProxy section */

/* Begin PBXFileReference section */
		02241268A15457C57EF0BA08 /* EventBlocker.swift */ = {isa = PBXFileReference; lastKnownFileType = sourcecode.swift; path = EventBlocker.swift; sourceTree = "<group>"; };
		06363CB09EABB2DD031E3C64 /* CleaningOverlayView.swift */ = {isa = PBXFileReference; lastKnownFileType = sourcecode.swift; path = CleaningOverlayView.swift; sourceTree = "<group>"; };
		0F07F10EFCC220987F292A76 /* Info.plist */ = {isa = PBXFileReference; lastKnownFileType = text.plist; path = Info.plist; sourceTree = "<group>"; };
		16972F96DB79329166DCC6A6 /* ModifierKeyDetectorTests.swift */ = {isa = PBXFileReference; lastKnownFileType = sourcecode.swift; path = ModifierKeyDetectorTests.swift; sourceTree = "<group>"; };
		2A935D8AF7BC70AA546771B6 /* CleaningModeManagerTests.swift */ = {isa = PBXFileReference; lastKnownFileType = sourcecode.swift; path = CleaningModeManagerTests.swift; sourceTree = "<group>"; };
		2CB2473C238FA38A1FACC45F /* CleaningModeManager.swift */ = {isa = PBXFileReference; lastKnownFileType = sourcecode.swift; path = CleaningModeManager.swift; sourceTree = "<group>"; };
		412BA5D647677C183B12D361 /* LidMonitor.swift */ = {isa = PBXFileReference; lastKnownFileType = sourcecode.swift; path = LidMonitor.swift; sourceTree = "<group>"; };
		486D1F048B081ACB26A43DCB /* Assets.xcassets */ = {isa = PBXFileReference; lastKnownFileType = folder.assetcatalog; path = Assets.xcassets; sourceTree = "<group>"; };
		5C2D878D263D6BB132FBBD34 /* ModifierKeyDetector.swift */ = {isa = PBXFileReference; lastKnownFileType = sourcecode.swift; path = ModifierKeyDetector.swift; sourceTree = "<group>"; };
		5F956047E15CE97B460172F4 /* MacScrubApp.swift */ = {isa = PBXFileReference; lastKnownFileType = sourcecode.swift; path = MacScrubApp.swift; sourceTree = "<group>"; };
		6AF1C8F12D759AD4E52A83A7 /* ModifierKeySquare.swift */ = {isa = PBXFileReference; lastKnownFileType = sourcecode.swift; path = ModifierKeySquare.swift; sourceTree = "<group>"; };
		6C36DFEA5DA216C1B8B1DD7C /* Localizable.xcstrings */ = {isa = PBXFileReference; lastKnownFileType = text.json.xcstrings; path = Localizable.xcstrings; sourceTree = "<group>"; };
		7401E1F6E8E9E9BB239D4C6F /* SettingsStoreTests.swift */ = {isa = PBXFileReference; lastKnownFileType = sourcecode.swift; path = SettingsStoreTests.swift; sourceTree = "<group>"; };
		7E22A72ED5DAABA6E6950698 /* EventBlockerProtocol.swift */ = {isa = PBXFileReference; lastKnownFileType = sourcecode.swift; path = EventBlockerProtocol.swift; sourceTree = "<group>"; };
		93C508CA08B474D60F7CB535 /* PermissionGuideView.swift */ = {isa = PBXFileReference; lastKnownFileType = sourcecode.swift; path = PermissionGuideView.swift; sourceTree = "<group>"; };
		9B7ED64766B41AB522C0621F /* SettingsStore.swift */ = {isa = PBXFileReference; lastKnownFileType = sourcecode.swift; path = SettingsStore.swift; sourceTree = "<group>"; };
		A630271F7DE98BDCB46AD554 /* PermissionGuideViewTests.swift */ = {isa = PBXFileReference; lastKnownFileType = sourcecode.swift; path = PermissionGuideViewTests.swift; sourceTree = "<group>"; };
		B2A7BC80B89785720B4B902C /* MacScrubTests.xctest */ = {isa = PBXFileReference; explicitFileType = wrapper.cfbundle; includeInIndex = 0; path = MacScrubTests.xctest; sourceTree = BUILT_PRODUCTS_DIR; };
		BFF464DD9F9284408E72D25E /* PlaceholderTests.swift */ = {isa = PBXFileReference; lastKnownFileType = sourcecode.swift; path = PlaceholderTests.swift; sourceTree = "<group>"; };
		C6188A21B395267675250126 /* ModifierKeyFlags.swift */ = {isa = PBXFileReference; lastKnownFileType = sourcecode.swift; path = ModifierKeyFlags.swift; sourceTree = "<group>"; };
		D5E3C1FB2F3CBAEE836493E9 /* MainWindowView.swift */ = {isa = PBXFileReference; lastKnownFileType = sourcecode.swift; path = MainWindowView.swift; sourceTree = "<group>"; };
		E02DC57569DE0BE833A870AC /* MenuBarView.swift */ = {isa = PBXFileReference; lastKnownFileType = sourcecode.swift; path = MenuBarView.swift; sourceTree = "<group>"; };
		E2EC5E92370DBA82AE000535 /* OverlayWindowControllerTests.swift */ = {isa = PBXFileReference; lastKnownFileType = sourcecode.swift; path = OverlayWindowControllerTests.swift; sourceTree = "<group>"; };
		E9C1E7D100BFCB710B7608A8 /* MacScrub.app */ = {isa = PBXFileReference; explicitFileType = wrapper.application; includeInIndex = 0; path = MacScrub.app; sourceTree = BUILT_PRODUCTS_DIR; };
		F9DF00376898B694731D4D3F /* AppLanguage.swift */ = {isa = PBXFileReference; lastKnownFileType = sourcecode.swift; path = AppLanguage.swift; sourceTree = "<group>"; };
/* End PBXFileReference section */

/* Begin PBXGroup section */
		14BB51DA8462E9D3B509F7B1 /* MacScrub */ = {
			isa = PBXGroup;
			children = (
				486D1F048B081ACB26A43DCB /* Assets.xcassets */,
				8014A7D651CA462F28852964 /* App */,
				833E964141FAF4F81C7363F6 /* Core */,
				C9514B81AEDA6BC39C0A97F0 /* Localization */,
				EE96F973A4574E504143197E /* State */,
				9C425CAF6C86C46505CAB4C1 /* Views */,
			);
			path = MacScrub;
			sourceTree = "<group>";
		};
		8014A7D651CA462F28852964 /* App */ = {
			isa = PBXGroup;
			children = (
				0F07F10EFCC220987F292A76 /* Info.plist */,
				5F956047E15CE97B460172F4 /* MacScrubApp.swift */,
			);
			path = App;
			sourceTree = "<group>";
		};
		833E964141FAF4F81C7363F6 /* Core */ = {
			isa = PBXGroup;
			children = (
				02241268A15457C57EF0BA08 /* EventBlocker.swift */,
				7E22A72ED5DAABA6E6950698 /* EventBlockerProtocol.swift */,
				412BA5D647677C183B12D361 /* LidMonitor.swift */,
				5C2D878D263D6BB132FBBD34 /* ModifierKeyDetector.swift */,
			);
			path = Core;
			sourceTree = "<group>";
		};
		9C425CAF6C86C46505CAB4C1 /* Views */ = {
			isa = PBXGroup;
			children = (
				06363CB09EABB2DD031E3C64 /* CleaningOverlayView.swift */,
				D5E3C1FB2F3CBAEE836493E9 /* MainWindowView.swift */,
				E02DC57569DE0BE833A870AC /* MenuBarView.swift */,
				6AF1C8F12D759AD4E52A83A7 /* ModifierKeySquare.swift */,
				93C508CA08B474D60F7CB535 /* PermissionGuideView.swift */,
			);
			path = Views;
			sourceTree = "<group>";
		};
		AF01FBE6B3B25A653C8BDF59 /* MacScrubTests */ = {
			isa = PBXGroup;
			children = (
				2A935D8AF7BC70AA546771B6 /* CleaningModeManagerTests.swift */,
				16972F96DB79329166DCC6A6 /* ModifierKeyDetectorTests.swift */,
				E2EC5E92370DBA82AE000535 /* OverlayWindowControllerTests.swift */,
				A630271F7DE98BDCB46AD554 /* PermissionGuideViewTests.swift */,
				BFF464DD9F9284408E72D25E /* PlaceholderTests.swift */,
				7401E1F6E8E9E9BB239D4C6F /* SettingsStoreTests.swift */,
			);
			path = MacScrubTests;
			sourceTree = "<group>";
		};
		BDE61F2C761D8FD4A9BB5679 = {
			isa = PBXGroup;
			children = (
				14BB51DA8462E9D3B509F7B1 /* MacScrub */,
				AF01FBE6B3B25A653C8BDF59 /* MacScrubTests */,
				F7430AC7754F1DDBF94249AC /* Products */,
			);
			sourceTree = "<group>";
		};
		C9514B81AEDA6BC39C0A97F0 /* Localization */ = {
			isa = PBXGroup;
			children = (
				6C36DFEA5DA216C1B8B1DD7C /* Localizable.xcstrings */,
			);
			path = Localization;
			sourceTree = "<group>";
		};
		EE96F973A4574E504143197E /* State */ = {
			isa = PBXGroup;
			children = (
				F9DF00376898B694731D4D3F /* AppLanguage.swift */,
				2CB2473C238FA38A1FACC45F /* CleaningModeManager.swift */,
				C6188A21B395267675250126 /* ModifierKeyFlags.swift */,
				9B7ED64766B41AB522C0621F /* SettingsStore.swift */,
			);
			path = State;
			sourceTree = "<group>";
		};
		F7430AC7754F1DDBF94249AC /* Products */ = {
			isa = PBXGroup;
			children = (
				E9C1E7D100BFCB710B7608A8 /* MacScrub.app */,
				B2A7BC80B89785720B4B902C /* MacScrubTests.xctest */,
			);
			name = Products;
			sourceTree = "<group>";
		};
/* End PBXGroup section */

/* Begin PBXNativeTarget section */
		DA31A6F6282970A115193951 /* MacScrubTests */ = {
			isa = PBXNativeTarget;
			buildConfigurationList = E765CA0B24DC816BF46AFF60 /* Build configuration list for PBXNativeTarget "MacScrubTests" */;
			buildPhases = (
				610B2E6938C1C5B03C0E43AA /* Sources */,
			);
			buildRules = (
			);
			dependencies = (
				1103695E98E40D8B0F213A92 /* PBXTargetDependency */,
			);
			name = MacScrubTests;
			packageProductDependencies = (
			);
			productName = MacScrubTests;
			productReference = B2A7BC80B89785720B4B902C /* MacScrubTests.xctest */;
			productType = "com.apple.product-type.bundle.unit-test";
		};
		DC849C0835F3612968154A7D /* MacScrub */ = {
			isa = PBXNativeTarget;
			buildConfigurationList = 3338EB18B23EF9C6E8D3446E /* Build configuration list for PBXNativeTarget "MacScrub" */;
			buildPhases = (
				E9766C3150DCFF5515E79199 /* Sources */,
				336C8E88E02D254F051C4D84 /* Resources */,
			);
			buildRules = (
			);
			dependencies = (
			);
			name = MacScrub;
			packageProductDependencies = (
			);
			productName = MacScrub;
			productReference = E9C1E7D100BFCB710B7608A8 /* MacScrub.app */;
			productType = "com.apple.product-type.application";
		};
/* End PBXNativeTarget section */

/* Begin PBXProject section */
		5F5E61C94FD930A57C15FA81 /* Project object */ = {
			isa = PBXProject;
			attributes = {
				BuildIndependentTargetsInParallel = YES;
				LastUpgradeCheck = 1500;
				TargetAttributes = {
					DA31A6F6282970A115193951 = {
						DevelopmentTeam = FA2WUDBFB8;
						ProvisioningStyle = Automatic;
					};
					DC849C0835F3612968154A7D = {
						DevelopmentTeam = FA2WUDBFB8;
						ProvisioningStyle = Automatic;
					};
				};
			};
			buildConfigurationList = 614BB02959B82674EB6081D0 /* Build configuration list for PBXProject "MacScrub" */;
			developmentRegion = en;
			hasScannedForEncodings = 0;
			knownRegions = (
				Base,
				en,
				tr,
				"zh-Hans",
			);
			mainGroup = BDE61F2C761D8FD4A9BB5679;
			minimizedProjectReferenceProxies = 1;
			preferredProjectObjectVersion = 77;
			productRefGroup = F7430AC7754F1DDBF94249AC /* Products */;
			projectDirPath = "";
			projectRoot = "";
			targets = (
				DC849C0835F3612968154A7D /* MacScrub */,
				DA31A6F6282970A115193951 /* MacScrubTests */,
			);
		};
/* End PBXProject section */

/* Begin PBXResourcesBuildPhase section */
		336C8E88E02D254F051C4D84 /* Resources */ = {
			isa = PBXResourcesBuildPhase;
			buildActionMask = 2147483647;
			files = (
				EE07637915819FD860B5AFC2 /* Assets.xcassets in Resources */,
				F13745B120A12CA147052861 /* Localizable.xcstrings in Resources */,
			);
			runOnlyForDeploymentPostprocessing = 0;
		};
/* End PBXResourcesBuildPhase section */

/* Begin PBXSourcesBuildPhase section */
		610B2E6938C1C5B03C0E43AA /* Sources */ = {
			isa = PBXSourcesBuildPhase;
			buildActionMask = 2147483647;
			files = (
				4CAF6AFC404C3B61FA0AC8A8 /* CleaningModeManagerTests.swift in Sources */,
				314FEE888F15FA343A06FB4B /* ModifierKeyDetectorTests.swift in Sources */,
				E0E95B009780BCE9D6D4BE0D /* OverlayWindowControllerTests.swift in Sources */,
				795CDCC88A36B3C01CD66B66 /* PermissionGuideViewTests.swift in Sources */,
				0C4B1071B012D55BBC7965EF /* PlaceholderTests.swift in Sources */,
				F091DD8DD734D7207BA14D4C /* SettingsStoreTests.swift in Sources */,
			);
			runOnlyForDeploymentPostprocessing = 0;
		};
		E9766C3150DCFF5515E79199 /* Sources */ = {
			isa = PBXSourcesBuildPhase;
			buildActionMask = 2147483647;
			files = (
				5E4542A0C785B9C0869367B9 /* AppLanguage.swift in Sources */,
				50EB67C2A96211CA80DB7A7B /* CleaningModeManager.swift in Sources */,
				47BCBF8A959C9BC70690778B /* CleaningOverlayView.swift in Sources */,
				B8F0537B42C234051F7C2141 /* EventBlocker.swift in Sources */,
				C5456A44FE771ED50CB80BAE /* EventBlockerProtocol.swift in Sources */,
				7D166A20CF51998E7E9FB739 /* LidMonitor.swift in Sources */,
				63D8FB381F081E7A9C857739 /* MacScrubApp.swift in Sources */,
				A43BAED88058FB4DA1B912F3 /* MainWindowView.swift in Sources */,
				358F7A184EC93F8CE87208D7 /* MenuBarView.swift in Sources */,
				CC232D8EBEBEB886371416AA /* ModifierKeyDetector.swift in Sources */,
				7030B47403BB2303BDE11BE4 /* ModifierKeyFlags.swift in Sources */,
				EE3A6FC9DDC3AC386F8F0DF0 /* ModifierKeySquare.swift in Sources */,
				709712F4F104E92FE67A9B2A /* PermissionGuideView.swift in Sources */,
				7AF487CA24EA54EDF2C2B4B0 /* SettingsStore.swift in Sources */,
			);
			runOnlyForDeploymentPostprocessing = 0;
		};
/* End PBXSourcesBuildPhase section */

/* Begin PBXTargetDependency section */
		1103695E98E40D8B0F213A92 /* PBXTargetDependency */ = {
			isa = PBXTargetDependency;
			target = DC849C0835F3612968154A7D /* MacScrub */;
			targetProxy = 034066C6BE06FD8213566D63 /* PBXContainerItemProxy */;
		};
/* End PBXTargetDependency section */

/* Begin XCBuildConfiguration section */
		263114812EA72D3EA02F4288 /* Debug */ = {
			isa = XCBuildConfiguration;
			buildSettings = {
				ASSETCATALOG_COMPILER_APPICON_NAME = AppIcon;
				COMBINE_HIDPI_IMAGES = YES;
				GENERATE_INFOPLIST_FILE = NO;
				INFOPLIST_FILE = MacScrub/App/Info.plist;
				LD_RUNPATH_SEARCH_PATHS = (
					"$(inherited)",
					"@executable_path/../Frameworks",
				);
				PRODUCT_BUNDLE_IDENTIFIER = com.macscrub.app;
				SDKROOT = macosx;
				SWIFT_EMIT_LOC_STRINGS = YES;
			};
			name = Debug;
		};
		679CB8938BA0D837B4FFA954 /* Debug */ = {
			isa = XCBuildConfiguration;
			buildSettings = {
				BUNDLE_LOADER = "$(TEST_HOST)";
				COMBINE_HIDPI_IMAGES = YES;
				GENERATE_INFOPLIST_FILE = YES;
				LD_RUNPATH_SEARCH_PATHS = (
					"$(inherited)",
					"@executable_path/../Frameworks",
					"@loader_path/../Frameworks",
				);
				PRODUCT_BUNDLE_IDENTIFIER = com.macscrub.tests;
				SDKROOT = macosx;
				TEST_HOST = "$(BUILT_PRODUCTS_DIR)/MacScrub.app/Contents/MacOS/MacScrub";
			};
			name = Debug;
		};
		679FBFE94A2B49D6D75780EB /* Release */ = {
			isa = XCBuildConfiguration;
			buildSettings = {
				BUNDLE_LOADER = "$(TEST_HOST)";
				COMBINE_HIDPI_IMAGES = YES;
				GENERATE_INFOPLIST_FILE = YES;
				LD_RUNPATH_SEARCH_PATHS = (
					"$(inherited)",
					"@executable_path/../Frameworks",
					"@loader_path/../Frameworks",
				);
				PRODUCT_BUNDLE_IDENTIFIER = com.macscrub.tests;
				SDKROOT = macosx;
				TEST_HOST = "$(BUILT_PRODUCTS_DIR)/MacScrub.app/Contents/MacOS/MacScrub";
			};
			name = Release;
		};
		B18CE9F22FD8CA69AE4438FF /* Release */ = {
			isa = XCBuildConfiguration;
			buildSettings = {
				ALWAYS_SEARCH_USER_PATHS = NO;
				CLANG_ANALYZER_NONNULL = YES;
				CLANG_ANALYZER_NUMBER_OBJECT_CONVERSION = YES_AGGRESSIVE;
				CLANG_CXX_LANGUAGE_STANDARD = "gnu++14";
				CLANG_CXX_LIBRARY = "libc++";
				CLANG_ENABLE_MODULES = YES;
				CLANG_ENABLE_OBJC_ARC = YES;
				CLANG_ENABLE_OBJC_WEAK = YES;
				CLANG_WARN_BLOCK_CAPTURE_AUTORELEASING = YES;
				CLANG_WARN_BOOL_CONVERSION = YES;
				CLANG_WARN_COMMA = YES;
				CLANG_WARN_CONSTANT_CONVERSION = YES;
				CLANG_WARN_DEPRECATED_OBJC_IMPLEMENTATIONS = YES;
				CLANG_WARN_DIRECT_OBJC_ISA_USAGE = YES_ERROR;
				CLANG_WARN_DOCUMENTATION_COMMENTS = YES;
				CLANG_WARN_EMPTY_BODY = YES;
				CLANG_WARN_ENUM_CONVERSION = YES;
				CLANG_WARN_INFINITE_RECURSION = YES;
				CLANG_WARN_INT_CONVERSION = YES;
				CLANG_WARN_NON_LITERAL_NULL_CONVERSION = YES;
				CLANG_WARN_OBJC_IMPLICIT_RETAIN_SELF = YES;
				CLANG_WARN_OBJC_LITERAL_CONVERSION = YES;
				CLANG_WARN_OBJC_ROOT_CLASS = YES_ERROR;
				CLANG_WARN_QUOTED_INCLUDE_IN_FRAMEWORK_HEADER = YES;
				CLANG_WARN_RANGE_LOOP_ANALYSIS = YES;
				CLANG_WARN_STRICT_PROTOTYPES = YES;
				CLANG_WARN_SUSPICIOUS_MOVE = YES;
				CLANG_WARN_UNGUARDED_AVAILABILITY = YES_AGGRESSIVE;
				CLANG_WARN_UNREACHABLE_CODE = YES;
				CLANG_WARN__DUPLICATE_METHOD_MATCH = YES;
				CODE_SIGN_IDENTITY = "Apple Development";
				CODE_SIGN_STYLE = Automatic;
				COPY_PHASE_STRIP = NO;
				DEBUG_INFORMATION_FORMAT = "dwarf-with-dsym";
				DEVELOPMENT_TEAM = FA2WUDBFB8;
				ENABLE_NS_ASSERTIONS = NO;
				ENABLE_STRICT_OBJC_MSGSEND = YES;
				GCC_C_LANGUAGE_STANDARD = gnu11;
				GCC_NO_COMMON_BLOCKS = YES;
				GCC_WARN_64_TO_32_BIT_CONVERSION = YES;
				GCC_WARN_ABOUT_RETURN_TYPE = YES_ERROR;
				GCC_WARN_UNDECLARED_SELECTOR = YES;
				GCC_WARN_UNINITIALIZED_AUTOS = YES_AGGRESSIVE;
				GCC_WARN_UNUSED_FUNCTION = YES;
				GCC_WARN_UNUSED_VARIABLE = YES;
				MACOSX_DEPLOYMENT_TARGET = 14.0;
				MTL_ENABLE_DEBUG_INFO = NO;
				MTL_FAST_MATH = YES;
				PRODUCT_NAME = "$(TARGET_NAME)";
				SDKROOT = macosx;
				SWIFT_COMPILATION_MODE = wholemodule;
				SWIFT_OPTIMIZATION_LEVEL = "-O";
				SWIFT_VERSION = 5.9;
			};
			name = Release;
		};
		CEC33DFECE5ADB04721B8BCF /* Debug */ = {
			isa = XCBuildConfiguration;
			buildSettings = {
				ALWAYS_SEARCH_USER_PATHS = NO;
				CLANG_ANALYZER_NONNULL = YES;
				CLANG_ANALYZER_NUMBER_OBJECT_CONVERSION = YES_AGGRESSIVE;
				CLANG_CXX_LANGUAGE_STANDARD = "gnu++14";
				CLANG_CXX_LIBRARY = "libc++";
				CLANG_ENABLE_MODULES = YES;
				CLANG_ENABLE_OBJC_ARC = YES;
				CLANG_ENABLE_OBJC_WEAK = YES;
				CLANG_WARN_BLOCK_CAPTURE_AUTORELEASING = YES;
				CLANG_WARN_BOOL_CONVERSION = YES;
				CLANG_WARN_COMMA = YES;
				CLANG_WARN_CONSTANT_CONVERSION = YES;
				CLANG_WARN_DEPRECATED_OBJC_IMPLEMENTATIONS = YES;
				CLANG_WARN_DIRECT_OBJC_ISA_USAGE = YES_ERROR;
				CLANG_WARN_DOCUMENTATION_COMMENTS = YES;
				CLANG_WARN_EMPTY_BODY = YES;
				CLANG_WARN_ENUM_CONVERSION = YES;
				CLANG_WARN_INFINITE_RECURSION = YES;
				CLANG_WARN_INT_CONVERSION = YES;
				CLANG_WARN_NON_LITERAL_NULL_CONVERSION = YES;
				CLANG_WARN_OBJC_IMPLICIT_RETAIN_SELF = YES;
				CLANG_WARN_OBJC_LITERAL_CONVERSION = YES;
				CLANG_WARN_OBJC_ROOT_CLASS = YES_ERROR;
				CLANG_WARN_QUOTED_INCLUDE_IN_FRAMEWORK_HEADER = YES;
				CLANG_WARN_RANGE_LOOP_ANALYSIS = YES;
				CLANG_WARN_STRICT_PROTOTYPES = YES;
				CLANG_WARN_SUSPICIOUS_MOVE = YES;
				CLANG_WARN_UNGUARDED_AVAILABILITY = YES_AGGRESSIVE;
				CLANG_WARN_UNREACHABLE_CODE = YES;
				CLANG_WARN__DUPLICATE_METHOD_MATCH = YES;
				CODE_SIGN_IDENTITY = "Apple Development";
				CODE_SIGN_STYLE = Automatic;
				COPY_PHASE_STRIP = NO;
				DEBUG_INFORMATION_FORMAT = dwarf;
				DEVELOPMENT_TEAM = FA2WUDBFB8;
				ENABLE_STRICT_OBJC_MSGSEND = YES;
				ENABLE_TESTABILITY = YES;
				GCC_C_LANGUAGE_STANDARD = gnu11;
				GCC_DYNAMIC_NO_PIC = NO;
				GCC_NO_COMMON_BLOCKS = YES;
				GCC_OPTIMIZATION_LEVEL = 0;
				GCC_PREPROCESSOR_DEFINITIONS = (
					"$(inherited)",
					"DEBUG=1",
				);
				GCC_WARN_64_TO_32_BIT_CONVERSION = YES;
				GCC_WARN_ABOUT_RETURN_TYPE = YES_ERROR;
				GCC_WARN_UNDECLARED_SELECTOR = YES;
				GCC_WARN_UNINITIALIZED_AUTOS = YES_AGGRESSIVE;
				GCC_WARN_UNUSED_FUNCTION = YES;
				GCC_WARN_UNUSED_VARIABLE = YES;
				MACOSX_DEPLOYMENT_TARGET = 14.0;
				MTL_ENABLE_DEBUG_INFO = INCLUDE_SOURCE;
				MTL_FAST_MATH = YES;
				ONLY_ACTIVE_ARCH = YES;
				PRODUCT_NAME = "$(TARGET_NAME)";
				SDKROOT = macosx;
				SWIFT_ACTIVE_COMPILATION_CONDITIONS = DEBUG;
				SWIFT_OPTIMIZATION_LEVEL = "-Onone";
				SWIFT_VERSION = 5.9;
			};
			name = Debug;
		};
		E6C179ADC20B88F01B0B8FB2 /* Release */ = {
			isa = XCBuildConfiguration;
			buildSettings = {
				ASSETCATALOG_COMPILER_APPICON_NAME = AppIcon;
				COMBINE_HIDPI_IMAGES = YES;
				GENERATE_INFOPLIST_FILE = NO;
				INFOPLIST_FILE = MacScrub/App/Info.plist;
				LD_RUNPATH_SEARCH_PATHS = (
					"$(inherited)",
					"@executable_path/../Frameworks",
				);
				PRODUCT_BUNDLE_IDENTIFIER = com.macscrub.app;
				SDKROOT = macosx;
				SWIFT_EMIT_LOC_STRINGS = YES;
			};
			name = Release;
		};
/* End XCBuildConfiguration section */

/* Begin XCConfigurationList section */
		3338EB18B23EF9C6E8D3446E /* Build configuration list for PBXNativeTarget "MacScrub" */ = {
			isa = XCConfigurationList;
			buildConfigurations = (
				263114812EA72D3EA02F4288 /* Debug */,
				E6C179ADC20B88F01B0B8FB2 /* Release */,
			);
			defaultConfigurationIsVisible = 0;
			defaultConfigurationName = Debug;
		};
		614BB02959B82674EB6081D0 /* Build configuration list for PBXProject "MacScrub" */ = {
			isa = XCConfigurationList;
			buildConfigurations = (
				CEC33DFECE5ADB04721B8BCF /* Debug */,
				B18CE9F22FD8CA69AE4438FF /* Release */,
			);
			defaultConfigurationIsVisible = 0;
			defaultConfigurationName = Debug;
		};
		E765CA0B24DC816BF46AFF60 /* Build configuration list for PBXNativeTarget "MacScrubTests" */ = {
			isa = XCConfigurationList;
			buildConfigurations = (
				679CB8938BA0D837B4FFA954 /* Debug */,
				679FBFE94A2B49D6D75780EB /* Release */,
			);
			defaultConfigurationIsVisible = 0;
			defaultConfigurationName = Debug;
		};
/* End XCConfigurationList section */
	};
	rootObject = 5F5E61C94FD930A57C15FA81 /* Project object */;
}
